
Microsoft Visual Studio Solution File, Format Version 12.00
# Visual Studio Version 16
VisualStudioVersion = 16.0.30204.135
MinimumVisualStudioVersion = 10.0.40219.1
Project("{FAE04EC0-301F-11D3-BF4B-00C04F79EFBC}") = "RSKita", "RSKita\RSKita.csproj", "{C005FC35-51D7-487D-9078-DE226489CAF4}"
EndProject
Global
	GlobalSection(SolutionConfigurationPlatforms) = preSolution
		Debug|Any CPU = Debug|Any CPU
		Release|Any CPU = Release|Any CPU
	EndGlobalSection
	GlobalSection(ProjectConfigurationPlatforms) = postSolution
		{C005FC35-51D7-487D-9078-DE226489CAF4}.Debug|Any CPU.ActiveCfg = Debug|Any CPU
		{C005FC35-51D7-487D-9078-DE226489CAF4}.Debug|Any CPU.Build.0 = Debug|Any CPU
		{C005FC35-51D7-487D-9078-DE226489CAF4}.Release|Any CPU.ActiveCfg = Release|Any CPU
		{C005FC35-51D7-487D-9078-DE226489CAF4}.Release|Any CPU.Build.0 = Release|Any CPU
	EndGlobalSection
	GlobalSection(SolutionProperties) = preSolution
		HideSolutionNode = FALSE
	EndGlobalSection
	GlobalSection(ExtensibilityGlobals) = postSolution
		SolutionGuid = {500DFF67-974A-4C7C-8BCD-2BB50BEE789E}
	EndGlobalSection
EndGlobal
